
Microsoft Visual Studio Solution File, Format Version 12.00
# Visual Studio Version 17
VisualStudioVersion = 17.6.33815.320
MinimumVisualStudioVersion = 10.0.40219.1
Project("{FAE04EC0-301F-11D3-BF4B-00C04F79EFBC}") = "Threads_and_Tasks2", "Threads_and_Tasks2\Threads_and_Tasks2.csproj", "{59BD74C0-9AF4-4EF1-B6F1-7D085B9510EB}"
EndProject
Global
	GlobalSection(SolutionConfigurationPlatforms) = preSolution
		Debug|Any CPU = Debug|Any CPU
		Release|Any CPU = Release|Any CPU
	EndGlobalSection
	GlobalSection(ProjectConfigurationPlatforms) = postSolution
		{59BD74C0-9AF4-4EF1-B6F1-7D085B9510EB}.Debug|Any CPU.ActiveCfg = Debug|Any CPU
		{59BD74C0-9AF4-4EF1-B6F1-7D085B9510EB}.Debug|Any CPU.Build.0 = Debug|Any CPU
		{59BD74C0-9AF4-4EF1-B6F1-7D085B9510EB}.Release|Any CPU.ActiveCfg = Release|Any CPU
		{59BD74C0-9AF4-4EF1-B6F1-7D085B9510EB}.Release|Any CPU.Build.0 = Release|Any CPU
	EndGlobalSection
	GlobalSection(SolutionProperties) = preSolution
		HideSolutionNode = FALSE
	EndGlobalSection
	GlobalSection(ExtensibilityGlobals) = postSolution
		SolutionGuid = {9A45D455-D5DB-48D7-B73C-D90F5FAD1B48}
	EndGlobalSection
EndGlobal
